// !$*UTF8*$!
{
	archiveVersion = 1;
	classes = {
	};
	objectVersion = 46;
	objects = {

/* Begin PBXBuildFile section */
		1A664E94160921FF00DAD755 /* 15-tags.png in Resources */ = {isa = PBXBuildFile; fileRef = 1A664E92160921FF00DAD755 /* 15-tags.png */; };
		1A664E95160921FF00DAD755 /* 15-tags@2x.png in Resources */ = {isa = PBXBuildFile; fileRef = 1A664E93160921FF00DAD755 /* 15-tags@2x.png */; };
		1A664E981609221B00DAD755 /* 195-barcode.png in Resources */ = {isa = PBXBuildFile; fileRef = 1A664E961609221B00DAD755 /* 195-barcode.png */; };
		1A664E991609221B00DAD755 /* 195-barcode@2x.png in Resources */ = {isa = PBXBuildFile; fileRef = 1A664E971609221B00DAD755 /* 195-barcode@2x.png */; };
		1A664E9C1609227B00DAD755 /* 111-user.png in Resources */ = {isa = PBXBuildFile; fileRef = 1A664E9A1609227B00DAD755 /* 111-user.png */; };
		1A664E9D1609227B00DAD755 /* 111-user@2x.png in Resources */ = {isa = PBXBuildFile; fileRef = 1A664E9B1609227B00DAD755 /* 111-user@2x.png */; };
		1AC1E5CB16091447004643C4 /* UIKit.framework in Frameworks */ = {isa = PBXBuildFile; fileRef = 1AC1E5CA16091447004643C4 /* UIKit.framework */; };
		1AC1E5CD16091447004643C4 /* Foundation.framework in Frameworks */ = {isa = PBXBuildFile; fileRef = 1AC1E5CC16091447004643C4 /* Foundation.framework */; };
		1AC1E5CF16091447004643C4 /* CoreGraphics.framework in Frameworks */ = {isa = PBXBuildFile; fileRef = 1AC1E5CE16091447004643C4 /* CoreGraphics.framework */; };
		1AC1E5D516091447004643C4 /* InfoPlist.strings in Resources */ = {isa = PBXBuildFile; fileRef = 1AC1E5D316091447004643C4 /* InfoPlist.strings */; };
		1AC1E5D716091447004643C4 /* main.m in Sources */ = {isa = PBXBuildFile; fileRef = 1AC1E5D616091447004643C4 /* main.m */; };
		1AC1E5DB16091447004643C4 /* AppDelegate.m in Sources */ = {isa = PBXBuildFile; fileRef = 1AC1E5DA16091447004643C4 /* AppDelegate.m */; };
		1AC1E5DE16091447004643C4 /* MainStoryboard.storyboard in Resources */ = {isa = PBXBuildFile; fileRef = 1AC1E5DC16091447004643C4 /* MainStoryboard.storyboard */; };
		A46D64781611D92900A69C62 /* PackageLocation.m in Sources */ = {isa = PBXBuildFile; fileRef = A46D64771611D92900A69C62 /* PackageLocation.m */; };
		A49A2B31160B6159009006BF /* JobsController.m in Sources */ = {isa = PBXBuildFile; fileRef = A49A2B30160B6159009006BF /* JobsController.m */; settings = {COMPILER_FLAGS = "-fno-objc-arc"; }; };
		A49A2B37160B756F009006BF /* JobTableViewCell.m in Sources */ = {isa = PBXBuildFile; fileRef = A49A2B36160B756F009006BF /* JobTableViewCell.m */; };
		A4A83C6D160C6D1200A47843 /* libZXingWidget.a in Frameworks */ = {isa = PBXBuildFile; fileRef = A4A83C66160C6AE500A47843 /* libZXingWidget.a */; };
		A4A83C701610900800A47843 /* MyDetailsController.m in Sources */ = {isa = PBXBuildFile; fileRef = A4A83C6F1610900800A47843 /* MyDetailsController.m */; settings = {COMPILER_FLAGS = "-fno-objc-arc"; }; };
		A4A83C731610A00500A47843 /* LoginController.m in Sources */ = {isa = PBXBuildFile; fileRef = A4A83C721610A00500A47843 /* LoginController.m */; settings = {COMPILER_FLAGS = "-fno-objc-arc"; }; };
		A4D4FB4B1613360700B282B6 /* KeychainItemWrapper.m in Sources */ = {isa = PBXBuildFile; fileRef = A4D4FB4A1613360700B282B6 /* KeychainItemWrapper.m */; };
		A4D4FB4E16135D3A00B282B6 /* Agent.m in Sources */ = {isa = PBXBuildFile; fileRef = A4D4FB4D16135D3A00B282B6 /* Agent.m */; };
		A4D4FB501613610800B282B6 /* CoreData.framework in Frameworks */ = {isa = PBXBuildFile; fileRef = A4D4FB4F1613610800B282B6 /* CoreData.framework */; };
		A4DD11A11609BBB400DD436A /* MapKit.framework in Frameworks */ = {isa = PBXBuildFile; fileRef = A4DD11A01609BBB400DD436A /* MapKit.framework */; };
		A4DD11B11609BED500DD436A /* AddressBook.framework in Frameworks */ = {isa = PBXBuildFile; fileRef = A4DD11AF1609BED500DD436A /* AddressBook.framework */; };
		A4DD11B21609BED500DD436A /* AddressBookUI.framework in Frameworks */ = {isa = PBXBuildFile; fileRef = A4DD11B01609BED500DD436A /* AddressBookUI.framework */; };
		A4DD11B41609BEDB00DD436A /* AudioToolbox.framework in Frameworks */ = {isa = PBXBuildFile; fileRef = A4DD11B31609BEDB00DD436A /* AudioToolbox.framework */; };
		A4DD11B61609BEE100DD436A /* AVFoundation.framework in Frameworks */ = {isa = PBXBuildFile; fileRef = A4DD11B51609BEE100DD436A /* AVFoundation.framework */; };
		A4DD11B81609BEE600DD436A /* CoreMedia.framework in Frameworks */ = {isa = PBXBuildFile; fileRef = A4DD11B71609BEE600DD436A /* CoreMedia.framework */; };
		A4DD11BA1609BEEB00DD436A /* CoreVideo.framework in Frameworks */ = {isa = PBXBuildFile; fileRef = A4DD11B91609BEEA00DD436A /* CoreVideo.framework */; };
		A4DD11BC1609BEF400DD436A /* libiconv.dylib in Frameworks */ = {isa = PBXBuildFile; fileRef = A4DD11BB1609BEF400DD436A /* libiconv.dylib */; };
		A4DD11C51609C60B00DD436A /* JobDetailController.mm in Sources */ = {isa = PBXBuildFile; fileRef = A4DD11C41609C60B00DD436A /* JobDetailController.mm */; settings = {COMPILER_FLAGS = "-fno-objc-arc"; }; };
		A4F72C46161309EC0068DA82 /* SVProgressHUD.bundle in Resources */ = {isa = PBXBuildFile; fileRef = A4F72C43161309EC0068DA82 /* SVProgressHUD.bundle */; };
		A4F72C47161309EC0068DA82 /* SVProgressHUD.m in Sources */ = {isa = PBXBuildFile; fileRef = A4F72C45161309EC0068DA82 /* SVProgressHUD.m */; };
		A4F72C49161309F90068DA82 /* QuartzCore.framework in Frameworks */ = {isa = PBXBuildFile; fileRef = A4F72C48161309F90068DA82 /* QuartzCore.framework */; };
		A4F72C4B16132DB40068DA82 /* Security.framework in Frameworks */ = {isa = PBXBuildFile; fileRef = A4F72C4A16132DB40068DA82 /* Security.framework */; };
/* End PBXBuildFile section */

/* Begin PBXContainerItemProxy section */
		A4A83C65160C6AE500A47843 /* PBXContainerItemProxy */ = {
			isa = PBXContainerItemProxy;
			containerPortal = A4A83C5D160C6AE400A47843 /* ZXingWidget.xcodeproj */;
			proxyType = 2;
			remoteGlobalIDString = D2AAC07E0554694100DB518D;
			remoteInfo = ZXingWidget;
		};
		A4A83C67160C6AE500A47843 /* PBXContainerItemProxy */ = {
			isa = PBXContainerItemProxy;
			containerPortal = A4A83C5D160C6AE400A47843 /* ZXingWidget.xcodeproj */;
			proxyType = 2;
			remoteGlobalIDString = 1D60398D13DF7CAD006F4B51;
			remoteInfo = ZXingTests;
		};
		A4A83C6B160C6CFD00A47843 /* PBXContainerItemProxy */ = {
			isa = PBXContainerItemProxy;
			containerPortal = A4A83C5D160C6AE400A47843 /* ZXingWidget.xcodeproj */;
			proxyType = 1;
			remoteGlobalIDString = D2AAC07D0554694100DB518D;
			remoteInfo = ZXingWidget;
		};
/* End PBXContainerItemProxy section */

/* Begin PBXFileReference section */
		1A664E92160921FF00DAD755 /* 15-tags.png */ = {isa = PBXFileReference; lastKnownFileType = image.png; path = "15-tags.png"; sourceTree = "<group>"; };
		1A664E93160921FF00DAD755 /* 15-tags@2x.png */ = {isa = PBXFileReference; lastKnownFileType = image.png; path = "15-tags@2x.png"; sourceTree = "<group>"; };
		1A664E961609221B00DAD755 /* 195-barcode.png */ = {isa = PBXFileReference; lastKnownFileType = image.png; path = "195-barcode.png"; sourceTree = "<group>"; };
		1A664E971609221B00DAD755 /* 195-barcode@2x.png */ = {isa = PBXFileReference; lastKnownFileType = image.png; path = "195-barcode@2x.png"; sourceTree = "<group>"; };
		1A664E9A1609227B00DAD755 /* 111-user.png */ = {isa = PBXFileReference; lastKnownFileType = image.png; path = "111-user.png"; sourceTree = "<group>"; };
		1A664E9B1609227B00DAD755 /* 111-user@2x.png */ = {isa = PBXFileReference; lastKnownFileType = image.png; path = "111-user@2x.png"; sourceTree = "<group>"; };
		1AC1E5C616091447004643C4 /* Project Acorn.app */ = {isa = PBXFileReference; explicitFileType = wrapper.application; includeInIndex = 0; path = "Project Acorn.app"; sourceTree = BUILT_PRODUCTS_DIR; };
		1AC1E5CA16091447004643C4 /* UIKit.framework */ = {isa = PBXFileReference; lastKnownFileType = wrapper.framework; name = UIKit.framework; path = System/Library/Frameworks/UIKit.framework; sourceTree = SDKROOT; };
		1AC1E5CC16091447004643C4 /* Foundation.framework */ = {isa = PBXFileReference; lastKnownFileType = wrapper.framework; name = Foundation.framework; path = System/Library/Frameworks/Foundation.framework; sourceTree = SDKROOT; };
		1AC1E5CE16091447004643C4 /* CoreGraphics.framework */ = {isa = PBXFileReference; lastKnownFileType = wrapper.framework; name = CoreGraphics.framework; path = System/Library/Frameworks/CoreGraphics.framework; sourceTree = SDKROOT; };
		1AC1E5D216091447004643C4 /* Project Acorn-Info.plist */ = {isa = PBXFileReference; lastKnownFileType = text.plist.xml; path = "Project Acorn-Info.plist"; sourceTree = "<group>"; };
		1AC1E5D416091447004643C4 /* en */ = {isa = PBXFileReference; lastKnownFileType = text.plist.strings; name = en; path = en.lproj/InfoPlist.strings; sourceTree = "<group>"; };
		1AC1E5D616091447004643C4 /* main.m */ = {isa = PBXFileReference; lastKnownFileType = sourcecode.c.objc; path = main.m; sourceTree = "<group>"; };
		1AC1E5D816091447004643C4 /* Project Acorn-Prefix.pch */ = {isa = PBXFileReference; lastKnownFileType = sourcecode.c.h; path = "Project Acorn-Prefix.pch"; sourceTree = "<group>"; };
		1AC1E5D916091447004643C4 /* AppDelegate.h */ = {isa = PBXFileReference; lastKnownFileType = sourcecode.c.h; path = AppDelegate.h; sourceTree = "<group>"; };
		1AC1E5DA16091447004643C4 /* AppDelegate.m */ = {isa = PBXFileReference; lastKnownFileType = sourcecode.c.objc; path = AppDelegate.m; sourceTree = "<group>"; };
		1AC1E5DD16091447004643C4 /* en */ = {isa = PBXFileReference; lastKnownFileType = file.storyboard; name = en; path = en.lproj/MainStoryboard.storyboard; sourceTree = "<group>"; };
		A46D64761611D92900A69C62 /* PackageLocation.h */ = {isa = PBXFileReference; fileEncoding = 4; lastKnownFileType = sourcecode.c.h; name = PackageLocation.h; path = ../PackageLocation.h; sourceTree = "<group>"; };
		A46D64771611D92900A69C62 /* PackageLocation.m */ = {isa = PBXFileReference; fileEncoding = 4; lastKnownFileType = sourcecode.c.objc; name = PackageLocation.m; path = ../PackageLocation.m; sourceTree = "<group>"; };
		A49A2B2F160B6159009006BF /* JobsController.h */ = {isa = PBXFileReference; fileEncoding = 4; lastKnownFileType = sourcecode.c.h; path = JobsController.h; sourceTree = "<group>"; };
		A49A2B30160B6159009006BF /* JobsController.m */ = {isa = PBXFileReference; fileEncoding = 4; lastKnownFileType = sourcecode.c.objc; path = JobsController.m; sourceTree = "<group>"; };
		A49A2B35160B756F009006BF /* JobTableViewCell.h */ = {isa = PBXFileReference; fileEncoding = 4; lastKnownFileType = sourcecode.c.h; path = JobTableViewCell.h; sourceTree = "<group>"; };
		A49A2B36160B756F009006BF /* JobTableViewCell.m */ = {isa = PBXFileReference; fileEncoding = 4; lastKnownFileType = sourcecode.c.objc; path = JobTableViewCell.m; sourceTree = "<group>"; };
		A4A83C5D160C6AE400A47843 /* ZXingWidget.xcodeproj */ = {isa = PBXFileReference; lastKnownFileType = "wrapper.pb-project"; name = ZXingWidget.xcodeproj; path = "../../Downloads/zxing-2.0/iphone/ZXingWidget/ZXingWidget.xcodeproj"; sourceTree = "<group>"; };
		A4A83C6E1610900800A47843 /* MyDetailsController.h */ = {isa = PBXFileReference; fileEncoding = 4; lastKnownFileType = sourcecode.c.h; path = MyDetailsController.h; sourceTree = "<group>"; };
		A4A83C6F1610900800A47843 /* MyDetailsController.m */ = {isa = PBXFileReference; fileEncoding = 4; lastKnownFileType = sourcecode.c.objc; path = MyDetailsController.m; sourceTree = "<group>"; };
		A4A83C711610A00500A47843 /* LoginController.h */ = {isa = PBXFileReference; fileEncoding = 4; lastKnownFileType = sourcecode.c.h; path = LoginController.h; sourceTree = "<group>"; };
		A4A83C721610A00500A47843 /* LoginController.m */ = {isa = PBXFileReference; fileEncoding = 4; lastKnownFileType = sourcecode.c.objc; path = LoginController.m; sourceTree = "<group>"; };
		A4D4FB491613360700B282B6 /* KeychainItemWrapper.h */ = {isa = PBXFileReference; fileEncoding = 4; lastKnownFileType = sourcecode.c.h; path = KeychainItemWrapper.h; sourceTree = "<group>"; };
		A4D4FB4A1613360700B282B6 /* KeychainItemWrapper.m */ = {isa = PBXFileReference; fileEncoding = 4; lastKnownFileType = sourcecode.c.objc; path = KeychainItemWrapper.m; sourceTree = "<group>"; };
		A4D4FB4C16135D3A00B282B6 /* Agent.h */ = {isa = PBXFileReference; fileEncoding = 4; lastKnownFileType = sourcecode.c.h; name = Agent.h; path = ../Agent.h; sourceTree = "<group>"; };
		A4D4FB4D16135D3A00B282B6 /* Agent.m */ = {isa = PBXFileReference; fileEncoding = 4; lastKnownFileType = sourcecode.c.objc; name = Agent.m; path = ../Agent.m; sourceTree = "<group>"; };
		A4D4FB4F1613610800B282B6 /* CoreData.framework */ = {isa = PBXFileReference; lastKnownFileType = wrapper.framework; name = CoreData.framework; path = System/Library/Frameworks/CoreData.framework; sourceTree = SDKROOT; };
		A4DD11A01609BBB400DD436A /* MapKit.framework */ = {isa = PBXFileReference; lastKnownFileType = wrapper.framework; name = MapKit.framework; path = System/Library/Frameworks/MapKit.framework; sourceTree = SDKROOT; };
		A4DD11AF1609BED500DD436A /* AddressBook.framework */ = {isa = PBXFileReference; lastKnownFileType = wrapper.framework; name = AddressBook.framework; path = System/Library/Frameworks/AddressBook.framework; sourceTree = SDKROOT; };
		A4DD11B01609BED500DD436A /* AddressBookUI.framework */ = {isa = PBXFileReference; lastKnownFileType = wrapper.framework; name = AddressBookUI.framework; path = System/Library/Frameworks/AddressBookUI.framework; sourceTree = SDKROOT; };
		A4DD11B31609BEDB00DD436A /* AudioToolbox.framework */ = {isa = PBXFileReference; lastKnownFileType = wrapper.framework; name = AudioToolbox.framework; path = System/Library/Frameworks/AudioToolbox.framework; sourceTree = SDKROOT; };
		A4DD11B51609BEE100DD436A /* AVFoundation.framework */ = {isa = PBXFileReference; lastKnownFileType = wrapper.framework; name = AVFoundation.framework; path = System/Library/Frameworks/AVFoundation.framework; sourceTree = SDKROOT; };
		A4DD11B71609BEE600DD436A /* CoreMedia.framework */ = {isa = PBXFileReference; lastKnownFileType = wrapper.framework; name = CoreMedia.framework; path = System/Library/Frameworks/CoreMedia.framework; sourceTree = SDKROOT; };
		A4DD11B91609BEEA00DD436A /* CoreVideo.framework */ = {isa = PBXFileReference; lastKnownFileType = wrapper.framework; name = CoreVideo.framework; path = System/Library/Frameworks/CoreVideo.framework; sourceTree = SDKROOT; };
		A4DD11BB1609BEF400DD436A /* libiconv.dylib */ = {isa = PBXFileReference; lastKnownFileType = "compiled.mach-o.dylib"; name = libiconv.dylib; path = usr/lib/libiconv.dylib; sourceTree = SDKROOT; };
		A4DD11C31609C60B00DD436A /* JobDetailController.h */ = {isa = PBXFileReference; fileEncoding = 4; lastKnownFileType = sourcecode.c.h; path = JobDetailController.h; sourceTree = "<group>"; };
		A4DD11C41609C60B00DD436A /* JobDetailController.mm */ = {isa = PBXFileReference; fileEncoding = 4; lastKnownFileType = sourcecode.cpp.objcpp; path = JobDetailController.mm; sourceTree = "<group>"; };
		A4F72C43161309EC0068DA82 /* SVProgressHUD.bundle */ = {isa = PBXFileReference; lastKnownFileType = "wrapper.plug-in"; path = SVProgressHUD.bundle; sourceTree = "<group>"; };
		A4F72C44161309EC0068DA82 /* SVProgressHUD.h */ = {isa = PBXFileReference; fileEncoding = 4; lastKnownFileType = sourcecode.c.h; path = SVProgressHUD.h; sourceTree = "<group>"; };
		A4F72C45161309EC0068DA82 /* SVProgressHUD.m */ = {isa = PBXFileReference; fileEncoding = 4; lastKnownFileType = sourcecode.c.objc; path = SVProgressHUD.m; sourceTree = "<group>"; };
		A4F72C48161309F90068DA82 /* QuartzCore.framework */ = {isa = PBXFileReference; lastKnownFileType = wrapper.framework; name = QuartzCore.framework; path = System/Library/Frameworks/QuartzCore.framework; sourceTree = SDKROOT; };
		A4F72C4A16132DB40068DA82 /* Security.framework */ = {isa = PBXFileReference; lastKnownFileType = wrapper.framework; name = Security.framework; path = System/Library/Frameworks/Security.framework; sourceTree = SDKROOT; };
/* End PBXFileReference section */

/* Begin PBXFrameworksBuildPhase section */
		1AC1E5C316091447004643C4 /* Frameworks */ = {
			isa = PBXFrameworksBuildPhase;
			buildActionMask = 2147483647;
			files = (
				A4D4FB501613610800B282B6 /* CoreData.framework in Frameworks */,
				A4F72C4B16132DB40068DA82 /* Security.framework in Frameworks */,
				A4F72C49161309F90068DA82 /* QuartzCore.framework in Frameworks */,
				A4A83C6D160C6D1200A47843 /* libZXingWidget.a in Frameworks */,
				A4DD11BC1609BEF400DD436A /* libiconv.dylib in Frameworks */,
				A4DD11BA1609BEEB00DD436A /* CoreVideo.framework in Frameworks */,
				A4DD11B81609BEE600DD436A /* CoreMedia.framework in Frameworks */,
				A4DD11B61609BEE100DD436A /* AVFoundation.framework in Frameworks */,
				A4DD11B41609BEDB00DD436A /* AudioToolbox.framework in Frameworks */,
				A4DD11B11609BED500DD436A /* AddressBook.framework in Frameworks */,
				A4DD11B21609BED500DD436A /* AddressBookUI.framework in Frameworks */,
				A4DD11A11609BBB400DD436A /* MapKit.framework in Frameworks */,
				1AC1E5CB16091447004643C4 /* UIKit.framework in Frameworks */,
				1AC1E5CD16091447004643C4 /* Foundation.framework in Frameworks */,
				1AC1E5CF16091447004643C4 /* CoreGraphics.framework in Frameworks */,
			);
			runOnlyForDeploymentPostprocessing = 0;
		};
/* End PBXFrameworksBuildPhase section */

/* Begin PBXGroup section */
		1AC1E5BB16091447004643C4 = {
			isa = PBXGroup;
			children = (
				A4DD11BD1609BFF900DD436A /* Libraries */,
				1AC1E5D016091447004643C4 /* Project Acorn */,
				1AC1E5C916091447004643C4 /* Frameworks */,
				1AC1E5C716091447004643C4 /* Products */,
				A4A83C5D160C6AE400A47843 /* ZXingWidget.xcodeproj */,
			);
			sourceTree = "<group>";
		};
		1AC1E5C716091447004643C4 /* Products */ = {
			isa = PBXGroup;
			children = (
				1AC1E5C616091447004643C4 /* Project Acorn.app */,
			);
			name = Products;
			sourceTree = "<group>";
		};
		1AC1E5C916091447004643C4 /* Frameworks */ = {
			isa = PBXGroup;
			children = (
				A4D4FB4F1613610800B282B6 /* CoreData.framework */,
				A4F72C4A16132DB40068DA82 /* Security.framework */,
				A4F72C48161309F90068DA82 /* QuartzCore.framework */,
				A4DD11B91609BEEA00DD436A /* CoreVideo.framework */,
				A4DD11B71609BEE600DD436A /* CoreMedia.framework */,
				A4DD11B51609BEE100DD436A /* AVFoundation.framework */,
				A4DD11B31609BEDB00DD436A /* AudioToolbox.framework */,
				A4DD11AF1609BED500DD436A /* AddressBook.framework */,
				A4DD11B01609BED500DD436A /* AddressBookUI.framework */,
				A4DD11A01609BBB400DD436A /* MapKit.framework */,
				1AC1E5CA16091447004643C4 /* UIKit.framework */,
				1AC1E5CC16091447004643C4 /* Foundation.framework */,
				1AC1E5CE16091447004643C4 /* CoreGraphics.framework */,
			);
			name = Frameworks;
			sourceTree = "<group>";
		};
		1AC1E5D016091447004643C4 /* Project Acorn */ = {
			isa = PBXGroup;
			children = (
				1AC1E5F216091582004643C4 /* Resources */,
				1AC1E5DC16091447004643C4 /* MainStoryboard.storyboard */,
				1AC1E5D916091447004643C4 /* AppDelegate.h */,
				1AC1E5DA16091447004643C4 /* AppDelegate.m */,
				A4A83C711610A00500A47843 /* LoginController.h */,
				A4A83C721610A00500A47843 /* LoginController.m */,
				A4A83C6E1610900800A47843 /* MyDetailsController.h */,
				A4A83C6F1610900800A47843 /* MyDetailsController.m */,
				A49A2B2F160B6159009006BF /* JobsController.h */,
				A49A2B30160B6159009006BF /* JobsController.m */,
				A49A2B35160B756F009006BF /* JobTableViewCell.h */,
				A49A2B36160B756F009006BF /* JobTableViewCell.m */,
				A4DD11C31609C60B00DD436A /* JobDetailController.h */,
				A4DD11C41609C60B00DD436A /* JobDetailController.mm */,
				A46D64761611D92900A69C62 /* PackageLocation.h */,
				A46D64771611D92900A69C62 /* PackageLocation.m */,
				A4D4FB4C16135D3A00B282B6 /* Agent.h */,
				A4D4FB4D16135D3A00B282B6 /* Agent.m */,
				1AC1E5D116091447004643C4 /* Supporting Files */,
			);
			path = "Project Acorn";
			sourceTree = "<group>";
		};
		1AC1E5D116091447004643C4 /* Supporting Files */ = {
			isa = PBXGroup;
			children = (
				1AC1E5D216091447004643C4 /* Project Acorn-Info.plist */,
				1AC1E5D316091447004643C4 /* InfoPlist.strings */,
				1AC1E5D616091447004643C4 /* main.m */,
				1AC1E5D816091447004643C4 /* Project Acorn-Prefix.pch */,
				A4D4FB491613360700B282B6 /* KeychainItemWrapper.h */,
				A4D4FB4A1613360700B282B6 /* KeychainItemWrapper.m */,
			);
			name = "Supporting Files";
			sourceTree = "<group>";
		};
		1AC1E5F216091582004643C4 /* Resources */ = {
			isa = PBXGroup;
			children = (
				1AC1E5F316091588004643C4 /* img */,
			);
			name = Resources;
			sourceTree = "<group>";
		};
		1AC1E5F316091588004643C4 /* img */ = {
			isa = PBXGroup;
			children = (
				1A664E92160921FF00DAD755 /* 15-tags.png */,
				1A664E93160921FF00DAD755 /* 15-tags@2x.png */,
				1A664E961609221B00DAD755 /* 195-barcode.png */,
				1A664E971609221B00DAD755 /* 195-barcode@2x.png */,
				1A664E9A1609227B00DAD755 /* 111-user.png */,
				1A664E9B1609227B00DAD755 /* 111-user@2x.png */,
			);
			name = img;
			sourceTree = "<group>";
		};
		A4A83C5E160C6AE400A47843 /* Products */ = {
			isa = PBXGroup;
			children = (
				A4A83C66160C6AE500A47843 /* libZXingWidget.a */,
				A4A83C68160C6AE500A47843 /* ZXingTests.octest */,
			);
			name = Products;
			sourceTree = "<group>";
		};
		A4DD11BD1609BFF900DD436A /* Libraries */ = {
			isa = PBXGroup;
			children = (
				A4F72C42161309EB0068DA82 /* SVProgressHUD */,
				A4DD11BB1609BEF400DD436A /* libiconv.dylib */,
			);
			name = Libraries;
			sourceTree = "<group>";
		};
		A4F72C42161309EB0068DA82 /* SVProgressHUD */ = {
			isa = PBXGroup;
			children = (
				A4F72C43161309EC0068DA82 /* SVProgressHUD.bundle */,
				A4F72C44161309EC0068DA82 /* SVProgressHUD.h */,
				A4F72C45161309EC0068DA82 /* SVProgressHUD.m */,
			);
			path = SVProgressHUD;
			sourceTree = "<group>";
		};
/* End PBXGroup section */

/* Begin PBXNativeTarget section */
		1AC1E5C516091447004643C4 /* Project Acorn */ = {
			isa = PBXNativeTarget;
			buildConfigurationList = 1AC1E5EF16091447004643C4 /* Build configuration list for PBXNativeTarget "Project Acorn" */;
			buildPhases = (
				1AC1E5C216091447004643C4 /* Sources */,
				1AC1E5C316091447004643C4 /* Frameworks */,
				1AC1E5C416091447004643C4 /* Resources */,
			);
			buildRules = (
			);
			dependencies = (
				A4A83C6C160C6CFD00A47843 /* PBXTargetDependency */,
			);
			name = "Project Acorn";
			productName = "Project Acorn";
			productReference = 1AC1E5C616091447004643C4 /* Project Acorn.app */;
			productType = "com.apple.product-type.application";
		};
/* End PBXNativeTarget section */

/* Begin PBXProject section */
		1AC1E5BD16091447004643C4 /* Project object */ = {
			isa = PBXProject;
			attributes = {
				LastUpgradeCheck = 0430;
				ORGANIZATIONNAME = "James Crowson";
			};
			buildConfigurationList = 1AC1E5C016091447004643C4 /* Build configuration list for PBXProject "Project Acorn" */;
			compatibilityVersion = "Xcode 3.2";
			developmentRegion = English;
			hasScannedForEncodings = 0;
			knownRegions = (
				en,
			);
			mainGroup = 1AC1E5BB16091447004643C4;
			productRefGroup = 1AC1E5C716091447004643C4 /* Products */;
			projectDirPath = "";
			projectReferences = (
				{
					ProductGroup = A4A83C5E160C6AE400A47843 /* Products */;
					ProjectRef = A4A83C5D160C6AE400A47843 /* ZXingWidget.xcodeproj */;
				},
			);
			projectRoot = "";
			targets = (
				1AC1E5C516091447004643C4 /* Project Acorn */,
			);
		};
/* End PBXProject section */

/* Begin PBXReferenceProxy section */
		A4A83C66160C6AE500A47843 /* libZXingWidget.a */ = {
			isa = PBXReferenceProxy;
			fileType = archive.ar;
			path = libZXingWidget.a;
			remoteRef = A4A83C65160C6AE500A47843 /* PBXContainerItemProxy */;
			sourceTree = BUILT_PRODUCTS_DIR;
		};
		A4A83C68160C6AE500A47843 /* ZXingTests.octest */ = {
			isa = PBXReferenceProxy;
			fileType = wrapper.cfbundle;
			path = ZXingTests.octest;
			remoteRef = A4A83C67160C6AE500A47843 /* PBXContainerItemProxy */;
			sourceTree = BUILT_PRODUCTS_DIR;
		};
/* End PBXReferenceProxy section */

/* Begin PBXResourcesBuildPhase section */
		1AC1E5C416091447004643C4 /* Resources */ = {
			isa = PBXResourcesBuildPhase;
			buildActionMask = 2147483647;
			files = (
				1AC1E5D516091447004643C4 /* InfoPlist.strings in Resources */,
				1AC1E5DE16091447004643C4 /* MainStoryboard.storyboard in Resources */,
				1A664E94160921FF00DAD755 /* 15-tags.png in Resources */,
				1A664E95160921FF00DAD755 /* 15-tags@2x.png in Resources */,
				1A664E981609221B00DAD755 /* 195-barcode.png in Resources */,
				1A664E991609221B00DAD755 /* 195-barcode@2x.png in Resources */,
				1A664E9C1609227B00DAD755 /* 111-user.png in Resources */,
				1A664E9D1609227B00DAD755 /* 111-user@2x.png in Resources */,
				A4F72C46161309EC0068DA82 /* SVProgressHUD.bundle in Resources */,
			);
			runOnlyForDeploymentPostprocessing = 0;
		};
/* End PBXResourcesBuildPhase section */

/* Begin PBXSourcesBuildPhase section */
		1AC1E5C216091447004643C4 /* Sources */ = {
			isa = PBXSourcesBuildPhase;
			buildActionMask = 2147483647;
			files = (
				1AC1E5D716091447004643C4 /* main.m in Sources */,
				1AC1E5DB16091447004643C4 /* AppDelegate.m in Sources */,
				A4DD11C51609C60B00DD436A /* JobDetailController.mm in Sources */,
				A49A2B31160B6159009006BF /* JobsController.m in Sources */,
				A49A2B37160B756F009006BF /* JobTableViewCell.m in Sources */,
				A4A83C701610900800A47843 /* MyDetailsController.m in Sources */,
				A4A83C731610A00500A47843 /* LoginController.m in Sources */,
				A46D64781611D92900A69C62 /* PackageLocation.m in Sources */,
				A4F72C47161309EC0068DA82 /* SVProgressHUD.m in Sources */,
				A4D4FB4B1613360700B282B6 /* KeychainItemWrapper.m in Sources */,
				A4D4FB4E16135D3A00B282B6 /* Agent.m in Sources */,
			);
			runOnlyForDeploymentPostprocessing = 0;
		};
/* End PBXSourcesBuildPhase section */

/* Begin PBXTargetDependency section */
		A4A83C6C160C6CFD00A47843 /* PBXTargetDependency */ = {
			isa = PBXTargetDependency;
			name = ZXingWidget;
			targetProxy = A4A83C6B160C6CFD00A47843 /* PBXContainerItemProxy */;
		};
/* End PBXTargetDependency section */

/* Begin PBXVariantGroup section */
		1AC1E5D316091447004643C4 /* InfoPlist.strings */ = {
			isa = PBXVariantGroup;
			children = (
				1AC1E5D416091447004643C4 /* en */,
			);
			name = InfoPlist.strings;
			sourceTree = "<group>";
		};
		1AC1E5DC16091447004643C4 /* MainStoryboard.storyboard */ = {
			isa = PBXVariantGroup;
			children = (
				1AC1E5DD16091447004643C4 /* en */,
			);
			name = MainStoryboard.storyboard;
			sourceTree = "<group>";
		};
/* End PBXVariantGroup section */

/* Begin XCBuildConfiguration section */
		1AC1E5ED16091447004643C4 /* Debug */ = {
			isa = XCBuildConfiguration;
			buildSettings = {
				ALWAYS_SEARCH_USER_PATHS = NO;
				ARCHS = "$(ARCHS_STANDARD_32_BIT)";
				CLANG_CXX_LANGUAGE_STANDARD = "gnu++0x";
				CLANG_ENABLE_OBJC_ARC = YES;
				CLANG_WARN__DUPLICATE_METHOD_MATCH = YES;
				"CODE_SIGN_IDENTITY[sdk=iphoneos*]" = "iPhone Developer";
				COPY_PHASE_STRIP = NO;
				GCC_C_LANGUAGE_STANDARD = gnu99;
				GCC_DYNAMIC_NO_PIC = NO;
				GCC_OPTIMIZATION_LEVEL = 0;
				GCC_PREPROCESSOR_DEFINITIONS = (
					"DEBUG=1",
					"$(inherited)",
				);
				GCC_SYMBOLS_PRIVATE_EXTERN = NO;
				GCC_VERSION = com.apple.compilers.llvm.clang.1_0;
				GCC_WARN_ABOUT_RETURN_TYPE = YES;
				GCC_WARN_UNINITIALIZED_AUTOS = YES;
				GCC_WARN_UNUSED_VARIABLE = YES;
				HEADER_SEARCH_PATHS = (
					"/Users/jcrowson/Downloads/zxing-2.0/iphone/ZXingWidget/Classes/**",
					"/Users/jcrowson/Downloads/zxing-2.0/cpp/core/src",
				);
				IPHONEOS_DEPLOYMENT_TARGET = 5.1;
				SDKROOT = iphoneos;
				USER_HEADER_SEARCH_PATHS = "/Users/jcrowson/Downloads/zxing/iphone/ZXingWidget/Classes/** /Users/jcrowson/Downloads/zxing/cpp/core/src";
			};
			name = Debug;
		};
		1AC1E5EE16091447004643C4 /* Release */ = {
			isa = XCBuildConfiguration;
			buildSettings = {
				ALWAYS_SEARCH_USER_PATHS = NO;
				ARCHS = "$(ARCHS_STANDARD_32_BIT)";
				CLANG_CXX_LANGUAGE_STANDARD = "gnu++0x";
				CLANG_ENABLE_OBJC_ARC = YES;
				CLANG_WARN__DUPLICATE_METHOD_MATCH = YES;
				"CODE_SIGN_IDENTITY[sdk=iphoneos*]" = "iPhone Developer";
				COPY_PHASE_STRIP = YES;
				GCC_C_LANGUAGE_STANDARD = gnu99;
				GCC_VERSION = com.apple.compilers.llvm.clang.1_0;
				GCC_WARN_ABOUT_RETURN_TYPE = YES;
				GCC_WARN_UNINITIALIZED_AUTOS = YES;
				GCC_WARN_UNUSED_VARIABLE = YES;
				HEADER_SEARCH_PATHS = (
					"/Users/jcrowson/Downloads/zxing-2.0/iphone/ZXingWidget/Classes/**",
					"/Users/jcrowson/Downloads/zxing-2.0/cpp/core/src",
				);
				IPHONEOS_DEPLOYMENT_TARGET = 5.1;
				OTHER_CFLAGS = "-DNS_BLOCK_ASSERTIONS=1";
				SDKROOT = iphoneos;
				USER_HEADER_SEARCH_PATHS = "/Users/jcrowson/Downloads/zxing/iphone/ZXingWidget/Classes/** /Users/jcrowson/Downloads/zxing/cpp/core/src";
				VALIDATE_PRODUCT = YES;
			};
			name = Release;
		};
		1AC1E5F016091447004643C4 /* Debug */ = {
			isa = XCBuildConfiguration;
			buildSettings = {
				GCC_PRECOMPILE_PREFIX_HEADER = YES;
				GCC_PREFIX_HEADER = "Project Acorn/Project Acorn-Prefix.pch";
				INFOPLIST_FILE = "Project Acorn/Project Acorn-Info.plist";
				PRODUCT_NAME = "$(TARGET_NAME)";
				WRAPPER_EXTENSION = app;
			};
			name = Debug;
		};
		1AC1E5F116091447004643C4 /* Release */ = {
			isa = XCBuildConfiguration;
			buildSettings = {
				GCC_PRECOMPILE_PREFIX_HEADER = YES;
				GCC_PREFIX_HEADER = "Project Acorn/Project Acorn-Prefix.pch";
				INFOPLIST_FILE = "Project Acorn/Project Acorn-Info.plist";
				PRODUCT_NAME = "$(TARGET_NAME)";
				WRAPPER_EXTENSION = app;
			};
			name = Release;
		};
/* End XCBuildConfiguration section */

/* Begin XCConfigurationList section */
		1AC1E5C016091447004643C4 /* Build configuration list for PBXProject "Project Acorn" */ = {
			isa = XCConfigurationList;
			buildConfigurations = (
				1AC1E5ED16091447004643C4 /* Debug */,
				1AC1E5EE16091447004643C4 /* Release */,
			);
			defaultConfigurationIsVisible = 0;
			defaultConfigurationName = Release;
		};
		1AC1E5EF16091447004643C4 /* Build configuration list for PBXNativeTarget "Project Acorn" */ = {
			isa = XCConfigurationList;
			buildConfigurations = (
				1AC1E5F016091447004643C4 /* Debug */,
				1AC1E5F116091447004643C4 /* Release */,
			);
			defaultConfigurationIsVisible = 0;
			defaultConfigurationName = Release;
		};
/* End XCConfigurationList section */
	};
	rootObject = 1AC1E5BD16091447004643C4 /* Project object */;
}
